
Microsoft Visual Studio Solution File, Format Version 12.00
# Visual Studio Version 17
VisualStudioVersion = 17.5.33424.131
MinimumVisualStudioVersion = 10.0.40219.1
Project("{9A19103F-16F7-4668-BE54-9A1E7A4F7556}") = "Gaming.MVC", "Gaming.MVC\Gaming.MVC.csproj", "{66F466DD-259E-4C66-9FC3-1384DFD2D676}"
EndProject
Project("{FAE04EC0-301F-11D3-BF4B-00C04F79EFBC}") = "Gaming.Domain", "Gaming.Domain\Gaming.Domain.csproj", "{43F4C8DB-2C40-46BE-AADC-B1F960442D14}"
EndProject
Project("{FAE04EC0-301F-11D3-BF4B-00C04F79EFBC}") = "Gaming.Application", "Gaming.Application\Gaming.Application.csproj", "{8D67815B-4D01-455D-B2DC-B9661482A173}"
EndProject
Project("{FAE04EC0-301F-11D3-BF4B-00C04F79EFBC}") = "Gaming.Infrastructure", "Gaming.Infrastructure\Gaming.Infrastructure.csproj", "{25751D39-78E8-4A96-8E38-673F4EE0BA77}"
EndProject
Project("{2150E333-8FDC-42A3-9474-1A3956D46DE8}") = "src", "src", "{BD72FD18-8557-43DB-9B5D-2E14586CFD69}"
EndProject
Global
	GlobalSection(SolutionConfigurationPlatforms) = preSolution
		Debug|Any CPU = Debug|Any CPU
		Release|Any CPU = Release|Any CPU
	EndGlobalSection
	GlobalSection(ProjectConfigurationPlatforms) = postSolution
		{66F466DD-259E-4C66-9FC3-1384DFD2D676}.Debug|Any CPU.ActiveCfg = Debug|Any CPU
		{66F466DD-259E-4C66-9FC3-1384DFD2D676}.Debug|Any CPU.Build.0 = Debug|Any CPU
		{66F466DD-259E-4C66-9FC3-1384DFD2D676}.Release|Any CPU.ActiveCfg = Release|Any CPU
		{66F466DD-259E-4C66-9FC3-1384DFD2D676}.Release|Any CPU.Build.0 = Release|Any CPU
		{43F4C8DB-2C40-46BE-AADC-B1F960442D14}.Debug|Any CPU.ActiveCfg = Debug|Any CPU
		{43F4C8DB-2C40-46BE-AADC-B1F960442D14}.Debug|Any CPU.Build.0 = Debug|Any CPU
		{43F4C8DB-2C40-46BE-AADC-B1F960442D14}.Release|Any CPU.ActiveCfg = Release|Any CPU
		{43F4C8DB-2C40-46BE-AADC-B1F960442D14}.Release|Any CPU.Build.0 = Release|Any CPU
		{8D67815B-4D01-455D-B2DC-B9661482A173}.Debug|Any CPU.ActiveCfg = Debug|Any CPU
		{8D67815B-4D01-455D-B2DC-B9661482A173}.Debug|Any CPU.Build.0 = Debug|Any CPU
		{8D67815B-4D01-455D-B2DC-B9661482A173}.Release|Any CPU.ActiveCfg = Release|Any CPU
		{8D67815B-4D01-455D-B2DC-B9661482A173}.Release|Any CPU.Build.0 = Release|Any CPU
		{25751D39-78E8-4A96-8E38-673F4EE0BA77}.Debug|Any CPU.ActiveCfg = Debug|Any CPU
		{25751D39-78E8-4A96-8E38-673F4EE0BA77}.Debug|Any CPU.Build.0 = Debug|Any CPU
		{25751D39-78E8-4A96-8E38-673F4EE0BA77}.Release|Any CPU.ActiveCfg = Release|Any CPU
		{25751D39-78E8-4A96-8E38-673F4EE0BA77}.Release|Any CPU.Build.0 = Release|Any CPU
	EndGlobalSection
	GlobalSection(SolutionProperties) = preSolution
		HideSolutionNode = FALSE
	EndGlobalSection
	GlobalSection(NestedProjects) = preSolution
		{66F466DD-259E-4C66-9FC3-1384DFD2D676} = {BD72FD18-8557-43DB-9B5D-2E14586CFD69}
		{43F4C8DB-2C40-46BE-AADC-B1F960442D14} = {BD72FD18-8557-43DB-9B5D-2E14586CFD69}
		{8D67815B-4D01-455D-B2DC-B9661482A173} = {BD72FD18-8557-43DB-9B5D-2E14586CFD69}
		{25751D39-78E8-4A96-8E38-673F4EE0BA77} = {BD72FD18-8557-43DB-9B5D-2E14586CFD69}
	EndGlobalSection
	GlobalSection(ExtensibilityGlobals) = postSolution
		SolutionGuid = {31C19198-6734-4C32-93DE-9D2BF1588785}
	EndGlobalSection
EndGlobal
